
Microsoft Visual Studio Solution File, Format Version 12.00
# Visual Studio 14
VisualStudioVersion = 14.0.25420.1
MinimumVisualStudioVersion = 10.0.40219.1
Project("{FAE04EC0-301F-11D3-BF4B-00C04F79EFBC}") = "Algorithm", "Diplom1\Algorithm.csproj", "{D3943C57-CCF9-4437-9920-4C343B84C162}"
EndProject
Project("{FAE04EC0-301F-11D3-BF4B-00C04F79EFBC}") = "Assembly-CSharp-firstpass", "EmulatorFuzzyLogic\Assembly-CSharp-firstpass.csproj", "{A928963E-11D2-6630-1334-92AD635F97E2}"
EndProject
Project("{FAE04EC0-301F-11D3-BF4B-00C04F79EFBC}") = "Assembly-CSharp-Editor", "EmulatorFuzzyLogic\Assembly-CSharp-Editor.csproj", "{90B80AAB-CD70-FEB9-A676-5111959E2B10}"
EndProject
Project("{FAE04EC0-301F-11D3-BF4B-00C04F79EFBC}") = "GA", "GA\GA.csproj", "{351DC7B5-9F58-4DDD-BCC5-2886D4F77D05}"
EndProject
Global
	GlobalSection(SolutionConfigurationPlatforms) = preSolution
		Debug|Any CPU = Debug|Any CPU
		Release|Any CPU = Release|Any CPU
	EndGlobalSection
	GlobalSection(ProjectConfigurationPlatforms) = postSolution
		{D3943C57-CCF9-4437-9920-4C343B84C162}.Debug|Any CPU.ActiveCfg = Debug|Any CPU
		{D3943C57-CCF9-4437-9920-4C343B84C162}.Debug|Any CPU.Build.0 = Debug|Any CPU
		{D3943C57-CCF9-4437-9920-4C343B84C162}.Release|Any CPU.ActiveCfg = Release|Any CPU
		{D3943C57-CCF9-4437-9920-4C343B84C162}.Release|Any CPU.Build.0 = Release|Any CPU
		{A928963E-11D2-6630-1334-92AD635F97E2}.Debug|Any CPU.ActiveCfg = Debug|Any CPU
		{A928963E-11D2-6630-1334-92AD635F97E2}.Debug|Any CPU.Build.0 = Debug|Any CPU
		{A928963E-11D2-6630-1334-92AD635F97E2}.Release|Any CPU.ActiveCfg = Release|Any CPU
		{A928963E-11D2-6630-1334-92AD635F97E2}.Release|Any CPU.Build.0 = Release|Any CPU
		{90B80AAB-CD70-FEB9-A676-5111959E2B10}.Debug|Any CPU.ActiveCfg = Debug|Any CPU
		{90B80AAB-CD70-FEB9-A676-5111959E2B10}.Debug|Any CPU.Build.0 = Debug|Any CPU
		{90B80AAB-CD70-FEB9-A676-5111959E2B10}.Release|Any CPU.ActiveCfg = Release|Any CPU
		{90B80AAB-CD70-FEB9-A676-5111959E2B10}.Release|Any CPU.Build.0 = Release|Any CPU
		{351DC7B5-9F58-4DDD-BCC5-2886D4F77D05}.Debug|Any CPU.ActiveCfg = Debug|Any CPU
		{351DC7B5-9F58-4DDD-BCC5-2886D4F77D05}.Debug|Any CPU.Build.0 = Debug|Any CPU
		{351DC7B5-9F58-4DDD-BCC5-2886D4F77D05}.Release|Any CPU.ActiveCfg = Release|Any CPU
		{351DC7B5-9F58-4DDD-BCC5-2886D4F77D05}.Release|Any CPU.Build.0 = Release|Any CPU
	EndGlobalSection
	GlobalSection(SolutionProperties) = preSolution
		HideSolutionNode = FALSE
	EndGlobalSection
EndGlobal
